{
  "name": "dynamic_type_js",
  "version": "1.0.0",
  "lockfileVersion": 2,
  "requires": true,
  "packages": {
    "": {
      "name": "dynamic_type_js",
      "version": "1.0.0",
      "license": "ISC",
      "bin": {
        "dynamic_type_js": "index.js"
      },
      "devDependencies": {
        "@datastructures-js/binary-search-tree": "^5.0.2"
      }
    },
    "node_modules/@datastructures-js/binary-search-tree": {
      "version": "5.0.2",
      "resolved": "https://registry.npmjs.org/@datastructures-js/binary-search-tree/-/binary-search-tree-5.0.2.tgz",
      "integrity": "sha512-zWbUxSU96gxiR9W5Hr3nRvvtx40sWy+T0OHRbgSV96XvoyRddiFnLd8459KO03/hJVS2ZzxylhNRhvRmoYf4YA==",
      "dev": true
    }
  },
  "dependencies": {
    "@datastructures-js/binary-search-tree": {
      "version": "5.0.2",
      "resolved": "https://registry.npmjs.org/@datastructures-js/binary-search-tree/-/binary-search-tree-5.0.2.tgz",
      "integrity": "sha512-zWbUxSU96gxiR9W5Hr3nRvvtx40sWy+T0OHRbgSV96XvoyRddiFnLd8459KO03/hJVS2ZzxylhNRhvRmoYf4YA==",
      "dev": true
    }
  }
}
